
Microsoft Visual Studio Solution File, Format Version 12.00
# Visual Studio Version 17
VisualStudioVersion = 17.12.35527.113
MinimumVisualStudioVersion = 10.0.40219.1
Project("{2150E333-8FDC-42A3-9474-1A3956D46DE8}") = "src", "src", "{77E1DDB6-E404-4C1F-A08F-FF42C34BAC51}"
EndProject
Project("{2150E333-8FDC-42A3-9474-1A3956D46DE8}") = "tests", "tests", "{E8306F0D-B19F-4105-AECC-537A36AFA055}"
EndProject
Project("{9A19103F-16F7-4668-BE54-9A1E7A4F7556}") = "Taroksi.Engine", "src\Taroksi.Engine\Taroksi.Engine.csproj", "{2F2CE895-DDDB-4D56-B224-D5A5F99CE639}"
EndProject
Project("{9A19103F-16F7-4668-BE54-9A1E7A4F7556}") = "Taroksi.Bots", "src\Taroksi.Bots\Taroksi.Bots.csproj", "{6171B620-FC77-4A75-B65E-26590279018A}"
EndProject
Project("{9A19103F-16F7-4668-BE54-9A1E7A4F7556}") = "Taroksi.Data", "src\Taroksi.Data\Taroksi.Data.csproj", "{2C005A17-C107-4335-9194-713E41437103}"
EndProject
Project("{9A19103F-16F7-4668-BE54-9A1E7A4F7556}") = "Taroksi.App", "src\Taroksi.App\Taroksi.App.csproj", "{D37DF998-79A2-4DE7-9800-439B236A5C9B}"
EndProject
Project("{9A19103F-16F7-4668-BE54-9A1E7A4F7556}") = "Taroksi.Engine.Tests", "tests\Taroksi.Engine.Tests\Taroksi.Engine.Tests.csproj", "{A917E5B0-2457-47F3-AD63-F9AC15E9C431}"
EndProject
Global
	GlobalSection(SolutionConfigurationPlatforms) = preSolution
		Debug|Any CPU = Debug|Any CPU
		Release|Any CPU = Release|Any CPU
	EndGlobalSection
	GlobalSection(ProjectConfigurationPlatforms) = postSolution
		{2F2CE895-DDDB-4D56-B224-D5A5F99CE639}.Debug|Any CPU.ActiveCfg = Debug|Any CPU
		{2F2CE895-DDDB-4D56-B224-D5A5F99CE639}.Debug|Any CPU.Build.0 = Debug|Any CPU
		{2F2CE895-DDDB-4D56-B224-D5A5F99CE639}.Release|Any CPU.ActiveCfg = Release|Any CPU
		{2F2CE895-DDDB-4D56-B224-D5A5F99CE639}.Release|Any CPU.Build.0 = Release|Any CPU
		{6171B620-FC77-4A75-B65E-26590279018A}.Debug|Any CPU.ActiveCfg = Debug|Any CPU
		{6171B620-FC77-4A75-B65E-26590279018A}.Debug|Any CPU.Build.0 = Debug|Any CPU
		{6171B620-FC77-4A75-B65E-26590279018A}.Release|Any CPU.ActiveCfg = Release|Any CPU
		{6171B620-FC77-4A75-B65E-26590279018A}.Release|Any CPU.Build.0 = Release|Any CPU
		{2C005A17-C107-4335-9194-713E41437103}.Debug|Any CPU.ActiveCfg = Debug|Any CPU
		{2C005A17-C107-4335-9194-713E41437103}.Debug|Any CPU.Build.0 = Debug|Any CPU
		{2C005A17-C107-4335-9194-713E41437103}.Release|Any CPU.ActiveCfg = Release|Any CPU
		{2C005A17-C107-4335-9194-713E41437103}.Release|Any CPU.Build.0 = Release|Any CPU
		{D37DF998-79A2-4DE7-9800-439B236A5C9B}.Debug|Any CPU.ActiveCfg = Debug|Any CPU
		{D37DF998-79A2-4DE7-9800-439B236A5C9B}.Debug|Any CPU.Build.0 = Debug|Any CPU
		{D37DF998-79A2-4DE7-9800-439B236A5C9B}.Release|Any CPU.ActiveCfg = Release|Any CPU
		{D37DF998-79A2-4DE7-9800-439B236A5C9B}.Release|Any CPU.Build.0 = Release|Any CPU
		{A917E5B0-2457-47F3-AD63-F9AC15E9C431}.Debug|Any CPU.ActiveCfg = Debug|Any CPU
		{A917E5B0-2457-47F3-AD63-F9AC15E9C431}.Debug|Any CPU.Build.0 = Debug|Any CPU
		{A917E5B0-2457-47F3-AD63-F9AC15E9C431}.Release|Any CPU.ActiveCfg = Release|Any CPU
		{A917E5B0-2457-47F3-AD63-F9AC15E9C431}.Release|Any CPU.Build.0 = Release|Any CPU
	EndGlobalSection
	GlobalSection(SolutionProperties) = preSolution
		HideSolutionNode = FALSE
	EndGlobalSection
	GlobalSection(NestedProjects) = preSolution
		{2F2CE895-DDDB-4D56-B224-D5A5F99CE639} = {77E1DDB6-E404-4C1F-A08F-FF42C34BAC51}
		{6171B620-FC77-4A75-B65E-26590279018A} = {77E1DDB6-E404-4C1F-A08F-FF42C34BAC51}
		{2C005A17-C107-4335-9194-713E41437103} = {77E1DDB6-E404-4C1F-A08F-FF42C34BAC51}
		{D37DF998-79A2-4DE7-9800-439B236A5C9B} = {77E1DDB6-E404-4C1F-A08F-FF42C34BAC51}
		{A917E5B0-2457-47F3-AD63-F9AC15E9C431} = {E8306F0D-B19F-4105-AECC-537A36AFA055}
	EndGlobalSection
EndGlobal
